
Microsoft Visual Studio Solution File, Format Version 12.00
# Visual Studio Version 17
VisualStudioVersion = 17.9.34616.47
MinimumVisualStudioVersion = 10.0.40219.1
Project("{9A19103F-16F7-4668-BE54-9A1E7A4F7556}") = "MinimalApiTutorial", "MinimalApiTutorial.csproj", "{7B33D462-BE04-4662-BA2E-11D5B8ED65A8}"
EndProject
Project("{E53339B2-1760-4266-BCC7-CA923CBCF16C}") = "docker-compose", "..\PiggyBank\docker-compose.dcproj", "{E78CD799-0F36-44B1-A9C5-6699B975AAB1}"
EndProject
Global
	GlobalSection(SolutionConfigurationPlatforms) = preSolution
		Debug|Any CPU = Debug|Any CPU
		Release|Any CPU = Release|Any CPU
	EndGlobalSection
	GlobalSection(ProjectConfigurationPlatforms) = postSolution
		{7B33D462-BE04-4662-BA2E-11D5B8ED65A8}.Debug|Any CPU.ActiveCfg = Debug|Any CPU
		{7B33D462-BE04-4662-BA2E-11D5B8ED65A8}.Debug|Any CPU.Build.0 = Debug|Any CPU
		{7B33D462-BE04-4662-BA2E-11D5B8ED65A8}.Release|Any CPU.ActiveCfg = Release|Any CPU
		{7B33D462-BE04-4662-BA2E-11D5B8ED65A8}.Release|Any CPU.Build.0 = Release|Any CPU
		{E78CD799-0F36-44B1-A9C5-6699B975AAB1}.Debug|Any CPU.ActiveCfg = Debug|Any CPU
		{E78CD799-0F36-44B1-A9C5-6699B975AAB1}.Debug|Any CPU.Build.0 = Debug|Any CPU
		{E78CD799-0F36-44B1-A9C5-6699B975AAB1}.Release|Any CPU.ActiveCfg = Release|Any CPU
		{E78CD799-0F36-44B1-A9C5-6699B975AAB1}.Release|Any CPU.Build.0 = Release|Any CPU
	EndGlobalSection
	GlobalSection(SolutionProperties) = preSolution
		HideSolutionNode = FALSE
	EndGlobalSection
	GlobalSection(ExtensibilityGlobals) = postSolution
		SolutionGuid = {01C74038-6119-4165-A7D6-E1D4C94BD2BD}
	EndGlobalSection
EndGlobal
